
Microsoft Visual Studio Solution File, Format Version 12.00
# Visual Studio Version 17
VisualStudioVersion = 17.2.32630.192
MinimumVisualStudioVersion = 10.0.40219.1
Project("{FAE04EC0-301F-11D3-BF4B-00C04F79EFBC}") = "AgencyPro", "AgencyPro\AgencyPro.csproj", "{A9FAD82C-1C5D-4669-8F42-52B1FEAF4F67}"
EndProject
Project("{2150E333-8FDC-42A3-9474-1A3956D46DE8}") = "Applications", "Applications", "{0266409E-AE4F-4B5C-91D4-43B65246E11F}"
EndProject
Project("{2150E333-8FDC-42A3-9474-1A3956D46DE8}") = "Libraries", "Libraries", "{A0183ECB-3FF9-4B18-8E11-B18A71EB67E7}"
EndProject
Project("{2150E333-8FDC-42A3-9474-1A3956D46DE8}") = "Testing", "Testing", "{D362BBAD-57E6-4954-BBF5-38DAC029B74C}"
EndProject
Global
	GlobalSection(SolutionConfigurationPlatforms) = preSolution
		Debug|Any CPU = Debug|Any CPU
		Release|Any CPU = Release|Any CPU
	EndGlobalSection
	GlobalSection(ProjectConfigurationPlatforms) = postSolution
		{A9FAD82C-1C5D-4669-8F42-52B1FEAF4F67}.Debug|Any CPU.ActiveCfg = Debug|Any CPU
		{A9FAD82C-1C5D-4669-8F42-52B1FEAF4F67}.Debug|Any CPU.Build.0 = Debug|Any CPU
		{A9FAD82C-1C5D-4669-8F42-52B1FEAF4F67}.Release|Any CPU.ActiveCfg = Release|Any CPU
		{A9FAD82C-1C5D-4669-8F42-52B1FEAF4F67}.Release|Any CPU.Build.0 = Release|Any CPU
	EndGlobalSection
	GlobalSection(SolutionProperties) = preSolution
		HideSolutionNode = FALSE
	EndGlobalSection
	GlobalSection(NestedProjects) = preSolution
		{A9FAD82C-1C5D-4669-8F42-52B1FEAF4F67} = {A0183ECB-3FF9-4B18-8E11-B18A71EB67E7}
	EndGlobalSection
	GlobalSection(ExtensibilityGlobals) = postSolution
		SolutionGuid = {709172F4-32BB-46EC-BF96-39C009C1B41C}
	EndGlobalSection
EndGlobal
